{
  "name": "vite-svelte-demo",
  "version": "0.0.0",
  "lockfileVersion": 2,
  "requires": true,
  "packages": {
    "": {
      "name": "vite-svelte-demo",
      "version": "0.0.0",
      "dependencies": {
        "@sveltejs/site-kit": "^1.4.0",
        "@sveltejs/svelte-repl": "^0.3.0",
        "codemirror": "^5.63.3",
        "prism-svelte": "^0.4.7",
        "prismjs": "^1.25.0"
      },
      "devDependencies": {
        "@sveltejs/vite-plugin-svelte": "^1.0.0-next.11",
        "svelte": "^3.37.0",
        "vite": "^2.6.4"
      }
    },
    "node_modules/@rollup/pluginutils": {
      "version": "4.1.1",
      "resolved": "https://registry.nlark.com/@rollup/pluginutils/download/@rollup/pluginutils-4.1.1.tgz?cache=0&sync_timestamp=1626393703548&other_urls=https%3A%2F%2Fregistry.nlark.com%2F%40rollup%2Fpluginutils%2Fdownload%2F%40rollup%2Fpluginutils-4.1.1.tgz",
      "integrity": "sha1-HU2obdTt7RVlalfZM/2iuaCNR+w=",
      "dev": true,
      "dependencies": {
        "estree-walker": "^2.0.1",
        "picomatch": "^2.2.2"
      },
      "engines": {
        "node": ">= 8.0.0"
      }
    },
    "node_modules/@rollup/pluginutils/node_modules/estree-walker": {
      "version": "2.0.2",
      "resolved": "https://registry.nlark.com/estree-walker/download/estree-walker-2.0.2.tgz",
      "integrity": "sha1-UvAQF4wqTBF6d1fP6UKtt9LaTKw=",
      "dev": true
    },
    "node_modules/@sindresorhus/slugify": {
      "version": "0.9.1",
      "resolved": "https://registry.nlark.com/@sindresorhus/slugify/download/@sindresorhus/slugify-0.9.1.tgz",
      "integrity": "sha1-iSrSTXC0QsChT+UZy0AZ1ZvFBp8=",
      "dependencies": {
        "escape-string-regexp": "^1.0.5",
        "lodash.deburr": "^4.1.0"
      },
      "engines": {
        "node": ">=8"
      }
    },
    "node_modules/@sveltejs/site-kit": {
      "version": "1.4.0",
      "resolved": "https://registry.npmmirror.com/@sveltejs/site-kit/download/@sveltejs/site-kit-1.4.0.tgz",
      "integrity": "sha1-0zgPyaqwn5chsrLtJvMOhbrNHqc=",
      "dependencies": {
        "@sindresorhus/slugify": "^0.9.1",
        "golden-fleece": "^1.0.9"
      }
    },
    "node_modules/@sveltejs/svelte-repl": {
      "version": "0.3.0",
      "resolved": "https://registry.npmmirror.com/@sveltejs/svelte-repl/download/@sveltejs/svelte-repl-0.3.0.tgz",
      "integrity": "sha1-zQA1RQZWitfSQ/rUbU0zqjVIuDk=",
      "license": "LIL",
      "dependencies": {
        "codemirror": "^5.49.2",
        "estree-walker": "^0.9.0",
        "marked": "3.0.5",
        "sourcemap-codec": "^1.4.6",
        "svelte-json-tree": "0.0.5",
        "yootils": "0.0.16"
      }
    },
    "node_modules/@sveltejs/vite-plugin-svelte": {
      "version": "1.0.0-next.30",
      "resolved": "https://registry.npmmirror.com/@sveltejs/vite-plugin-svelte/download/@sveltejs/vite-plugin-svelte-1.0.0-next.30.tgz",
      "integrity": "sha1-ps0YG7QG1ZDB+o1IDFWVDVZ2ifk=",
      "dev": true,
      "license": "MIT",
      "dependencies": {
        "@rollup/pluginutils": "^4.1.1",
        "debug": "^4.3.2",
        "kleur": "^4.1.4",
        "magic-string": "^0.25.7",
        "require-relative": "^0.8.7",
        "svelte-hmr": "^0.14.7"
      },
      "engines": {
        "node": "^14.13.1 || >= 16"
      },
      "peerDependencies": {
        "diff-match-patch": "^1.0.5",
        "svelte": "^3.44.0",
        "vite": "^2.6.0"
      },
      "peerDependenciesMeta": {
        "diff-match-patch": {
          "optional": true
        }
      }
    },
    "node_modules/codemirror": {
      "version": "5.63.3",
      "resolved": "https://registry.npmmirror.com/codemirror/download/codemirror-5.63.3.tgz",
      "integrity": "sha1-lwQqJCAn/gyHwJs2vAGTHTe3ZSc=",
      "license": "MIT"
    },
    "node_modules/debug": {
      "version": "4.3.2",
      "resolved": "https://registry.nlark.com/debug/download/debug-4.3.2.tgz?cache=0&sync_timestamp=1625374648057&other_urls=https%3A%2F%2Fregistry.nlark.com%2Fdebug%2Fdownload%2Fdebug-4.3.2.tgz",
      "integrity": "sha1-8KScGKyHeeMdSgxgKd+3aHPHQos=",
      "dev": true,
      "dependencies": {
        "ms": "2.1.2"
      },
      "engines": {
        "node": ">=6.0"
      }
    },
    "node_modules/esbuild": {
      "version": "0.13.9",
      "resolved": "https://registry.npmmirror.com/esbuild/download/esbuild-0.13.9.tgz",
      "integrity": "sha1-qvxLM3WsRDrnsiPCbE5Y0Q0tU1s=",
      "dev": true,
      "hasInstallScript": true,
      "license": "MIT",
      "bin": {
        "esbuild": "bin/esbuild"
      },
      "optionalDependencies": {
        "esbuild-android-arm64": "0.13.9",
        "esbuild-darwin-64": "0.13.9",
        "esbuild-darwin-arm64": "0.13.9",
        "esbuild-freebsd-64": "0.13.9",
        "esbuild-freebsd-arm64": "0.13.9",
        "esbuild-linux-32": "0.13.9",
        "esbuild-linux-64": "0.13.9",
        "esbuild-linux-arm": "0.13.9",
        "esbuild-linux-arm64": "0.13.9",
        "esbuild-linux-mips64le": "0.13.9",
        "esbuild-linux-ppc64le": "0.13.9",
        "esbuild-netbsd-64": "0.13.9",
        "esbuild-openbsd-64": "0.13.9",
        "esbuild-sunos-64": "0.13.9",
        "esbuild-windows-32": "0.13.9",
        "esbuild-windows-64": "0.13.9",
        "esbuild-windows-arm64": "0.13.9"
      }
    },
    "node_modules/esbuild-windows-64": {
      "version": "0.13.9",
      "resolved": "https://registry.npmmirror.com/esbuild-windows-64/download/esbuild-windows-64-0.13.9.tgz",
      "integrity": "sha1-EDrT8T4aDkSTS5HzWOgd0gG4azQ=",
      "cpu": [
        "x64"
      ],
      "dev": true,
      "license": "MIT",
      "optional": true,
      "os": [
        "win32"
      ]
    },
    "node_modules/escape-string-regexp": {
      "version": "1.0.5",
      "resolved": "https://registry.npm.taobao.org/escape-string-regexp/download/escape-string-regexp-1.0.5.tgz?cache=0&sync_timestamp=1618677309735&other_urls=https%3A%2F%2Fregistry.npm.taobao.org%2Fescape-string-regexp%2Fdownload%2Fescape-string-regexp-1.0.5.tgz",
      "integrity": "sha1-G2HAViGQqN/2rjuyzwIAyhMLhtQ=",
      "engines": {
        "node": ">=0.8.0"
      }
    },
    "node_modules/estree-walker": {
      "version": "0.9.0",
      "resolved": "https://registry.nlark.com/estree-walker/download/estree-walker-0.9.0.tgz",
      "integrity": "sha1-kRY3LwnAL9iPyvsMBDQ2MQEqCqY="
    },
    "node_modules/function-bind": {
      "version": "1.1.1",
      "resolved": "https://registry.nlark.com/function-bind/download/function-bind-1.1.1.tgz",
      "integrity": "sha1-pWiZ0+o8m6uHS7l3O3xe3pL0iV0=",
      "dev": true
    },
    "node_modules/golden-fleece": {
      "version": "1.0.9",
      "resolved": "https://registry.npmmirror.com/golden-fleece/download/golden-fleece-1.0.9.tgz",
      "integrity": "sha1-DEy7qLSTyKtM1AI0BDF6l3hTBvM="
    },
    "node_modules/has": {
      "version": "1.0.3",
      "resolved": "https://registry.nlark.com/has/download/has-1.0.3.tgz",
      "integrity": "sha1-ci18v8H2qoJB8W3YFOAR4fQeh5Y=",
      "dev": true,
      "dependencies": {
        "function-bind": "^1.1.1"
      },
      "engines": {
        "node": ">= 0.4.0"
      }
    },
    "node_modules/is-core-module": {
      "version": "2.8.0",
      "resolved": "https://registry.npmmirror.com/is-core-module/download/is-core-module-2.8.0.tgz?cache=0&sync_timestamp=1634236731601&other_urls=https%3A%2F%2Fregistry.npmmirror.com%2Fis-core-module%2Fdownload%2Fis-core-module-2.8.0.tgz",
      "integrity": "sha1-AyEzbD0JJeSX/Zf12VyxFKXM1Ug=",
      "dev": true,
      "license": "MIT",
      "dependencies": {
        "has": "^1.0.3"
      },
      "funding": {
        "url": "https://github.com/sponsors/ljharb"
      }
    },
    "node_modules/kleur": {
      "version": "4.1.4",
      "resolved": "https://registry.nlark.com/kleur/download/kleur-4.1.4.tgz",
      "integrity": "sha1-jCAph9fld3ZtA5qM1GGTTAHNoE0=",
      "dev": true,
      "engines": {
        "node": ">=6"
      }
    },
    "node_modules/lodash.deburr": {
      "version": "4.1.0",
      "resolved": "https://registry.npm.taobao.org/lodash.deburr/download/lodash.deburr-4.1.0.tgz",
      "integrity": "sha1-3bG7s+8HRYwBd7oH3hRCLLAz/5s="
    },
    "node_modules/magic-string": {
      "version": "0.25.7",
      "resolved": "https://registry.nlark.com/magic-string/download/magic-string-0.25.7.tgz?cache=0&sync_timestamp=1618847046304&other_urls=https%3A%2F%2Fregistry.nlark.com%2Fmagic-string%2Fdownload%2Fmagic-string-0.25.7.tgz",
      "integrity": "sha1-P0l9b9NMZpxnmNy4IfLvMfVEUFE=",
      "dev": true,
      "dependencies": {
        "sourcemap-codec": "^1.4.4"
      }
    },
    "node_modules/marked": {
      "version": "3.0.5",
      "resolved": "https://registry.npmmirror.com/marked/download/marked-3.0.5.tgz",
      "integrity": "sha1-lJMu3Z1jldCNl8HFJ1mJaWDeLtk=",
      "license": "MIT",
      "bin": {
        "marked": "bin/marked"
      },
      "engines": {
        "node": ">= 12"
      }
    },
    "node_modules/ms": {
      "version": "2.1.2",
      "resolved": "https://registry.npmmirror.com/ms/download/ms-2.1.2.tgz",
      "integrity": "sha1-0J0fNXtEP0kzgqjrPM0YOHKuYAk=",
      "dev": true
    },
    "node_modules/nanoid": {
      "version": "3.1.30",
      "resolved": "https://registry.npmmirror.com/nanoid/download/nanoid-3.1.30.tgz",
      "integrity": "sha1-Y/k8xUjSoRPcXfvGO/oJ4rm2Q2I=",
      "dev": true,
      "license": "MIT",
      "bin": {
        "nanoid": "bin/nanoid.cjs"
      },
      "engines": {
        "node": "^10 || ^12 || ^13.7 || ^14 || >=15.0.1"
      }
    },
    "node_modules/path-parse": {
      "version": "1.0.7",
      "resolved": "https://registry.nlark.com/path-parse/download/path-parse-1.0.7.tgz",
      "integrity": "sha1-+8EUtgykKzDZ2vWFjkvWi77bZzU=",
      "dev": true
    },
    "node_modules/picocolors": {
      "version": "1.0.0",
      "resolved": "https://registry.npmmirror.com/picocolors/download/picocolors-1.0.0.tgz?cache=0&sync_timestamp=1634093339035&other_urls=https%3A%2F%2Fregistry.npmmirror.com%2Fpicocolors%2Fdownload%2Fpicocolors-1.0.0.tgz",
      "integrity": "sha1-y1vcdP8/UYkiNur3nWi8RFZKuBw=",
      "dev": true,
      "license": "ISC"
    },
    "node_modules/picomatch": {
      "version": "2.3.0",
      "resolved": "https://registry.nlark.com/picomatch/download/picomatch-2.3.0.tgz?cache=0&other_urls=https%3A%2F%2Fregistry.nlark.com%2Fpicomatch%2Fdownload%2Fpicomatch-2.3.0.tgz",
      "integrity": "sha1-8fBh3o9qS/AiiS4tEoI0+5gwKXI=",
      "dev": true,
      "engines": {
        "node": ">=8.6"
      }
    },
    "node_modules/postcss": {
      "version": "8.3.11",
      "resolved": "https://registry.npmmirror.com/postcss/download/postcss-8.3.11.tgz",
      "integrity": "sha1-w77KfqgRzV4cSj7G0udZnvH4+Fg=",
      "dev": true,
      "license": "MIT",
      "dependencies": {
        "nanoid": "^3.1.30",
        "picocolors": "^1.0.0",
        "source-map-js": "^0.6.2"
      },
      "engines": {
        "node": "^10 || ^12 || >=14"
      },
      "funding": {
        "type": "opencollective",
        "url": "https://opencollective.com/postcss/"
      }
    },
    "node_modules/prism-svelte": {
      "version": "0.4.7",
      "resolved": "https://registry.npmmirror.com/prism-svelte/download/prism-svelte-0.4.7.tgz",
      "integrity": "sha1-+8ZwlFC04u1mDduCw3GIF/xYTL4="
    },
    "node_modules/prismjs": {
      "version": "1.25.0",
      "resolved": "https://registry.nlark.com/prismjs/download/prismjs-1.25.0.tgz",
      "integrity": "sha1-b4It8b2tllc0sxCzFaIzFc+Zl1Y="
    },
    "node_modules/require-relative": {
      "version": "0.8.7",
      "resolved": "https://registry.npm.taobao.org/require-relative/download/require-relative-0.8.7.tgz",
      "integrity": "sha1-eZlTn8ngR6N5KPoZb44VY9q9Nt4=",
      "dev": true
    },
    "node_modules/resolve": {
      "version": "1.20.0",
      "resolved": "https://registry.nlark.com/resolve/download/resolve-1.20.0.tgz",
      "integrity": "sha1-YpoBP7P3B1XW8LeTXMHCxTeLGXU=",
      "dev": true,
      "dependencies": {
        "is-core-module": "^2.2.0",
        "path-parse": "^1.0.6"
      }
    },
    "node_modules/rollup": {
      "version": "2.58.3",
      "resolved": "https://registry.npmmirror.com/rollup/download/rollup-2.58.3.tgz?cache=0&sync_timestamp=1635229318454&other_urls=https%3A%2F%2Fregistry.npmmirror.com%2Frollup%2Fdownload%2Frollup-2.58.3.tgz",
      "integrity": "sha1-caCBONlRX7ZQQ7ahhhiy7ZrI0jk=",
      "dev": true,
      "license": "MIT",
      "bin": {
        "rollup": "dist/bin/rollup"
      },
      "engines": {
        "node": ">=10.0.0"
      },
      "optionalDependencies": {
        "fsevents": "~2.3.2"
      }
    },
    "node_modules/source-map-js": {
      "version": "0.6.2",
      "resolved": "https://registry.npm.taobao.org/source-map-js/download/source-map-js-0.6.2.tgz",
      "integrity": "sha1-C7XeYxtBz72mz7qL0FqA79/SOF4=",
      "dev": true,
      "engines": {
        "node": ">=0.10.0"
      }
    },
    "node_modules/sourcemap-codec": {
      "version": "1.4.8",
      "resolved": "https://registry.nlark.com/sourcemap-codec/download/sourcemap-codec-1.4.8.tgz",
      "integrity": "sha1-6oBL2UhXQC5pktBaOO8a41qatMQ="
    },
    "node_modules/svelte": {
      "version": "3.44.0",
      "resolved": "https://registry.npmmirror.com/svelte/download/svelte-3.44.0.tgz",
      "integrity": "sha1-5hdss62ThG3bQUDpP0MJgTayPzs=",
      "dev": true,
      "license": "MIT",
      "engines": {
        "node": ">= 8"
      }
    },
    "node_modules/svelte-hmr": {
      "version": "0.14.7",
      "resolved": "https://registry.npmmirror.com/svelte-hmr/download/svelte-hmr-0.14.7.tgz",
      "integrity": "sha1-f6gmHHsiXZQJ8KhvO56lw8pvZgc=",
      "dev": true,
      "peerDependencies": {
        "svelte": ">=3.19.0"
      }
    },
    "node_modules/svelte-json-tree": {
      "version": "0.0.5",
      "resolved": "https://registry.npmmirror.com/svelte-json-tree/download/svelte-json-tree-0.0.5.tgz",
      "integrity": "sha1-SvJ7CzhV/QDiFhwgWwsRz2FBFOE="
    },
    "node_modules/vite": {
      "version": "2.6.12",
      "resolved": "https://registry.npmmirror.com/vite/download/vite-2.6.12.tgz",
      "integrity": "sha1-F9gZymdm9Zp2CaUKuKLSzcBfFSM=",
      "dev": true,
      "license": "MIT",
      "dependencies": {
        "esbuild": "^0.13.2",
        "postcss": "^8.3.8",
        "resolve": "^1.20.0",
        "rollup": "^2.57.0"
      },
      "bin": {
        "vite": "bin/vite.js"
      },
      "engines": {
        "node": ">=12.2.0"
      },
      "optionalDependencies": {
        "fsevents": "~2.3.2"
      },
      "peerDependencies": {
        "less": "*",
        "sass": "*",
        "stylus": "*"
      },
      "peerDependenciesMeta": {
        "less": {
          "optional": true
        },
        "sass": {
          "optional": true
        },
        "stylus": {
          "optional": true
        }
      }
    },
    "node_modules/yootils": {
      "version": "0.0.16",
      "resolved": "https://registry.npmmirror.com/yootils/download/yootils-0.0.16.tgz",
      "integrity": "sha1-SkGs9/DDM8hQjnKwRrDHSRcbneg="
    }
  },
  "dependencies": {
    "@rollup/pluginutils": {
      "version": "4.1.1",
      "resolved": "https://registry.nlark.com/@rollup/pluginutils/download/@rollup/pluginutils-4.1.1.tgz?cache=0&sync_timestamp=1626393703548&other_urls=https%3A%2F%2Fregistry.nlark.com%2F%40rollup%2Fpluginutils%2Fdownload%2F%40rollup%2Fpluginutils-4.1.1.tgz",
      "integrity": "sha1-HU2obdTt7RVlalfZM/2iuaCNR+w=",
      "dev": true,
      "requires": {
        "estree-walker": "^2.0.1",
        "picomatch": "^2.2.2"
      },
      "dependencies": {
        "estree-walker": {
          "version": "2.0.2",
          "resolved": "https://registry.nlark.com/estree-walker/download/estree-walker-2.0.2.tgz",
          "integrity": "sha1-UvAQF4wqTBF6d1fP6UKtt9LaTKw=",
          "dev": true
        }
      }
    },
    "@sindresorhus/slugify": {
      "version": "0.9.1",
      "resolved": "https://registry.nlark.com/@sindresorhus/slugify/download/@sindresorhus/slugify-0.9.1.tgz",
      "integrity": "sha1-iSrSTXC0QsChT+UZy0AZ1ZvFBp8=",
      "requires": {
        "escape-string-regexp": "^1.0.5",
        "lodash.deburr": "^4.1.0"
      }
    },
    "@sveltejs/site-kit": {
      "version": "1.4.0",
      "resolved": "https://registry.npmmirror.com/@sveltejs/site-kit/download/@sveltejs/site-kit-1.4.0.tgz",
      "integrity": "sha1-0zgPyaqwn5chsrLtJvMOhbrNHqc=",
      "requires": {
        "@sindresorhus/slugify": "^0.9.1",
        "golden-fleece": "^1.0.9"
      }
    },
    "@sveltejs/svelte-repl": {
      "version": "0.3.0",
      "resolved": "https://registry.npmmirror.com/@sveltejs/svelte-repl/download/@sveltejs/svelte-repl-0.3.0.tgz",
      "integrity": "sha1-zQA1RQZWitfSQ/rUbU0zqjVIuDk=",
      "requires": {
        "codemirror": "^5.49.2",
        "estree-walker": "^0.9.0",
        "marked": "3.0.5",
        "sourcemap-codec": "^1.4.6",
        "svelte-json-tree": "0.0.5",
        "yootils": "0.0.16"
      }
    },
    "@sveltejs/vite-plugin-svelte": {
      "version": "1.0.0-next.30",
      "resolved": "https://registry.npmmirror.com/@sveltejs/vite-plugin-svelte/download/@sveltejs/vite-plugin-svelte-1.0.0-next.30.tgz",
      "integrity": "sha1-ps0YG7QG1ZDB+o1IDFWVDVZ2ifk=",
      "dev": true,
      "requires": {
        "@rollup/pluginutils": "^4.1.1",
        "debug": "^4.3.2",
        "kleur": "^4.1.4",
        "magic-string": "^0.25.7",
        "require-relative": "^0.8.7",
        "svelte-hmr": "^0.14.7"
      }
    },
    "codemirror": {
      "version": "5.63.3",
      "resolved": "https://registry.npmmirror.com/codemirror/download/codemirror-5.63.3.tgz",
      "integrity": "sha1-lwQqJCAn/gyHwJs2vAGTHTe3ZSc="
    },
    "debug": {
      "version": "4.3.2",
      "resolved": "https://registry.nlark.com/debug/download/debug-4.3.2.tgz?cache=0&sync_timestamp=1625374648057&other_urls=https%3A%2F%2Fregistry.nlark.com%2Fdebug%2Fdownload%2Fdebug-4.3.2.tgz",
      "integrity": "sha1-8KScGKyHeeMdSgxgKd+3aHPHQos=",
      "dev": true,
      "requires": {
        "ms": "2.1.2"
      }
    },
    "esbuild": {
      "version": "0.13.9",
      "resolved": "https://registry.npmmirror.com/esbuild/download/esbuild-0.13.9.tgz",
      "integrity": "sha1-qvxLM3WsRDrnsiPCbE5Y0Q0tU1s=",
      "dev": true,
      "requires": {
        "esbuild-android-arm64": "0.13.9",
        "esbuild-darwin-64": "0.13.9",
        "esbuild-darwin-arm64": "0.13.9",
        "esbuild-freebsd-64": "0.13.9",
        "esbuild-freebsd-arm64": "0.13.9",
        "esbuild-linux-32": "0.13.9",
        "esbuild-linux-64": "0.13.9",
        "esbuild-linux-arm": "0.13.9",
        "esbuild-linux-arm64": "0.13.9",
        "esbuild-linux-mips64le": "0.13.9",
        "esbuild-linux-ppc64le": "0.13.9",
        "esbuild-netbsd-64": "0.13.9",
        "esbuild-openbsd-64": "0.13.9",
        "esbuild-sunos-64": "0.13.9",
        "esbuild-windows-32": "0.13.9",
        "esbuild-windows-64": "0.13.9",
        "esbuild-windows-arm64": "0.13.9"
      }
    },
    "esbuild-windows-64": {
      "version": "0.13.9",
      "resolved": "https://registry.npmmirror.com/esbuild-windows-64/download/esbuild-windows-64-0.13.9.tgz",
      "integrity": "sha1-EDrT8T4aDkSTS5HzWOgd0gG4azQ=",
      "dev": true,
      "optional": true
    },
    "escape-string-regexp": {
      "version": "1.0.5",
      "resolved": "https://registry.npm.taobao.org/escape-string-regexp/download/escape-string-regexp-1.0.5.tgz?cache=0&sync_timestamp=1618677309735&other_urls=https%3A%2F%2Fregistry.npm.taobao.org%2Fescape-string-regexp%2Fdownload%2Fescape-string-regexp-1.0.5.tgz",
      "integrity": "sha1-G2HAViGQqN/2rjuyzwIAyhMLhtQ="
    },
    "estree-walker": {
      "version": "0.9.0",
      "resolved": "https://registry.nlark.com/estree-walker/download/estree-walker-0.9.0.tgz",
      "integrity": "sha1-kRY3LwnAL9iPyvsMBDQ2MQEqCqY="
    },
    "function-bind": {
      "version": "1.1.1",
      "resolved": "https://registry.nlark.com/function-bind/download/function-bind-1.1.1.tgz",
      "integrity": "sha1-pWiZ0+o8m6uHS7l3O3xe3pL0iV0=",
      "dev": true
    },
    "golden-fleece": {
      "version": "1.0.9",
      "resolved": "https://registry.npmmirror.com/golden-fleece/download/golden-fleece-1.0.9.tgz",
      "integrity": "sha1-DEy7qLSTyKtM1AI0BDF6l3hTBvM="
    },
    "has": {
      "version": "1.0.3",
      "resolved": "https://registry.nlark.com/has/download/has-1.0.3.tgz",
      "integrity": "sha1-ci18v8H2qoJB8W3YFOAR4fQeh5Y=",
      "dev": true,
      "requires": {
        "function-bind": "^1.1.1"
      }
    },
    "is-core-module": {
      "version": "2.8.0",
      "resolved": "https://registry.npmmirror.com/is-core-module/download/is-core-module-2.8.0.tgz?cache=0&sync_timestamp=1634236731601&other_urls=https%3A%2F%2Fregistry.npmmirror.com%2Fis-core-module%2Fdownload%2Fis-core-module-2.8.0.tgz",
      "integrity": "sha1-AyEzbD0JJeSX/Zf12VyxFKXM1Ug=",
      "dev": true,
      "requires": {
        "has": "^1.0.3"
      }
    },
    "kleur": {
      "version": "4.1.4",
      "resolved": "https://registry.nlark.com/kleur/download/kleur-4.1.4.tgz",
      "integrity": "sha1-jCAph9fld3ZtA5qM1GGTTAHNoE0=",
      "dev": true
    },
    "lodash.deburr": {
      "version": "4.1.0",
      "resolved": "https://registry.npm.taobao.org/lodash.deburr/download/lodash.deburr-4.1.0.tgz",
      "integrity": "sha1-3bG7s+8HRYwBd7oH3hRCLLAz/5s="
    },
    "magic-string": {
      "version": "0.25.7",
      "resolved": "https://registry.nlark.com/magic-string/download/magic-string-0.25.7.tgz?cache=0&sync_timestamp=1618847046304&other_urls=https%3A%2F%2Fregistry.nlark.com%2Fmagic-string%2Fdownload%2Fmagic-string-0.25.7.tgz",
      "integrity": "sha1-P0l9b9NMZpxnmNy4IfLvMfVEUFE=",
      "dev": true,
      "requires": {
        "sourcemap-codec": "^1.4.4"
      }
    },
    "marked": {
      "version": "3.0.5",
      "resolved": "https://registry.npmmirror.com/marked/download/marked-3.0.5.tgz",
      "integrity": "sha1-lJMu3Z1jldCNl8HFJ1mJaWDeLtk="
    },
    "ms": {
      "version": "2.1.2",
      "resolved": "https://registry.npmmirror.com/ms/download/ms-2.1.2.tgz",
      "integrity": "sha1-0J0fNXtEP0kzgqjrPM0YOHKuYAk=",
      "dev": true
    },
    "nanoid": {
      "version": "3.1.30",
      "resolved": "https://registry.npmmirror.com/nanoid/download/nanoid-3.1.30.tgz",
      "integrity": "sha1-Y/k8xUjSoRPcXfvGO/oJ4rm2Q2I=",
      "dev": true
    },
    "path-parse": {
      "version": "1.0.7",
      "resolved": "https://registry.nlark.com/path-parse/download/path-parse-1.0.7.tgz",
      "integrity": "sha1-+8EUtgykKzDZ2vWFjkvWi77bZzU=",
      "dev": true
    },
    "picocolors": {
      "version": "1.0.0",
      "resolved": "https://registry.npmmirror.com/picocolors/download/picocolors-1.0.0.tgz?cache=0&sync_timestamp=1634093339035&other_urls=https%3A%2F%2Fregistry.npmmirror.com%2Fpicocolors%2Fdownload%2Fpicocolors-1.0.0.tgz",
      "integrity": "sha1-y1vcdP8/UYkiNur3nWi8RFZKuBw=",
      "dev": true
    },
    "picomatch": {
      "version": "2.3.0",
      "resolved": "https://registry.nlark.com/picomatch/download/picomatch-2.3.0.tgz?cache=0&other_urls=https%3A%2F%2Fregistry.nlark.com%2Fpicomatch%2Fdownload%2Fpicomatch-2.3.0.tgz",
      "integrity": "sha1-8fBh3o9qS/AiiS4tEoI0+5gwKXI=",
      "dev": true
    },
    "postcss": {
      "version": "8.3.11",
      "resolved": "https://registry.npmmirror.com/postcss/download/postcss-8.3.11.tgz",
      "integrity": "sha1-w77KfqgRzV4cSj7G0udZnvH4+Fg=",
      "dev": true,
      "requires": {
        "nanoid": "^3.1.30",
        "picocolors": "^1.0.0",
        "source-map-js": "^0.6.2"
      }
    },
    "prism-svelte": {
      "version": "0.4.7",
      "resolved": "https://registry.npmmirror.com/prism-svelte/download/prism-svelte-0.4.7.tgz",
      "integrity": "sha1-+8ZwlFC04u1mDduCw3GIF/xYTL4="
    },
    "prismjs": {
      "version": "1.25.0",
      "resolved": "https://registry.nlark.com/prismjs/download/prismjs-1.25.0.tgz",
      "integrity": "sha1-b4It8b2tllc0sxCzFaIzFc+Zl1Y="
    },
    "require-relative": {
      "version": "0.8.7",
      "resolved": "https://registry.npm.taobao.org/require-relative/download/require-relative-0.8.7.tgz",
      "integrity": "sha1-eZlTn8ngR6N5KPoZb44VY9q9Nt4=",
      "dev": true
    },
    "resolve": {
      "version": "1.20.0",
      "resolved": "https://registry.nlark.com/resolve/download/resolve-1.20.0.tgz",
      "integrity": "sha1-YpoBP7P3B1XW8LeTXMHCxTeLGXU=",
      "dev": true,
      "requires": {
        "is-core-module": "^2.2.0",
        "path-parse": "^1.0.6"
      }
    },
    "rollup": {
      "version": "2.58.3",
      "resolved": "https://registry.npmmirror.com/rollup/download/rollup-2.58.3.tgz?cache=0&sync_timestamp=1635229318454&other_urls=https%3A%2F%2Fregistry.npmmirror.com%2Frollup%2Fdownload%2Frollup-2.58.3.tgz",
      "integrity": "sha1-caCBONlRX7ZQQ7ahhhiy7ZrI0jk=",
      "dev": true,
      "requires": {
        "fsevents": "~2.3.2"
      }
    },
    "source-map-js": {
      "version": "0.6.2",
      "resolved": "https://registry.npm.taobao.org/source-map-js/download/source-map-js-0.6.2.tgz",
      "integrity": "sha1-C7XeYxtBz72mz7qL0FqA79/SOF4=",
      "dev": true
    },
    "sourcemap-codec": {
      "version": "1.4.8",
      "resolved": "https://registry.nlark.com/sourcemap-codec/download/sourcemap-codec-1.4.8.tgz",
      "integrity": "sha1-6oBL2UhXQC5pktBaOO8a41qatMQ="
    },
    "svelte": {
      "version": "3.44.0",
      "resolved": "https://registry.npmmirror.com/svelte/download/svelte-3.44.0.tgz",
      "integrity": "sha1-5hdss62ThG3bQUDpP0MJgTayPzs=",
      "dev": true
    },
    "svelte-hmr": {
      "version": "0.14.7",
      "resolved": "https://registry.npmmirror.com/svelte-hmr/download/svelte-hmr-0.14.7.tgz",
      "integrity": "sha1-f6gmHHsiXZQJ8KhvO56lw8pvZgc=",
      "dev": true,
      "requires": {}
    },
    "svelte-json-tree": {
      "version": "0.0.5",
      "resolved": "https://registry.npmmirror.com/svelte-json-tree/download/svelte-json-tree-0.0.5.tgz",
      "integrity": "sha1-SvJ7CzhV/QDiFhwgWwsRz2FBFOE="
    },
    "vite": {
      "version": "2.6.12",
      "resolved": "https://registry.npmmirror.com/vite/download/vite-2.6.12.tgz",
      "integrity": "sha1-F9gZymdm9Zp2CaUKuKLSzcBfFSM=",
      "dev": true,
      "requires": {
        "esbuild": "^0.13.2",
        "fsevents": "~2.3.2",
        "postcss": "^8.3.8",
        "resolve": "^1.20.0",
        "rollup": "^2.57.0"
      }
    },
    "yootils": {
      "version": "0.0.16",
      "resolved": "https://registry.npmmirror.com/yootils/download/yootils-0.0.16.tgz",
      "integrity": "sha1-SkGs9/DDM8hQjnKwRrDHSRcbneg="
    }
  }
}
